// !$*UTF8*$!
{
	archiveVersion = 1;
	classes = {
	};
	objectVersion = 50;
	objects = {

/* Begin PBXBuildFile section */
		728ADBB223FAA1B3000EFCC2 /* AppDelegate.swift in Sources */ = {isa = PBXBuildFile; fileRef = 728ADBB123FAA1B3000EFCC2 /* AppDelegate.swift */; };
		728ADBB423FAA1B3000EFCC2 /* SceneDelegate.swift in Sources */ = {isa = PBXBuildFile; fileRef = 728ADBB323FAA1B3000EFCC2 /* SceneDelegate.swift */; };
		728ADBB623FAA1B3000EFCC2 /* ViewController.swift in Sources */ = {isa = PBXBuildFile; fileRef = 728ADBB523FAA1B3000EFCC2 /* ViewController.swift */; };
		728ADBB923FAA1B3000EFCC2 /* Main.storyboard in Resources */ = {isa = PBXBuildFile; fileRef = 728ADBB723FAA1B3000EFCC2 /* Main.storyboard */; };
		728ADBBB23FAA1BC000EFCC2 /* Assets.xcassets in Resources */ = {isa = PBXBuildFile; fileRef = 728ADBBA23FAA1BC000EFCC2 /* Assets.xcassets */; };
		728ADBBE23FAA1BC000EFCC2 /* LaunchScreen.storyboard in Resources */ = {isa = PBXBuildFile; fileRef = 728ADBBC23FAA1BC000EFCC2 /* LaunchScreen.storyboard */; };
		728ADBC923FAA1BD000EFCC2 /* LonaTestTests.swift in Sources */ = {isa = PBXBuildFile; fileRef = 728ADBC823FAA1BD000EFCC2 /* LonaTestTests.swift */; };
		728ADBD423FAA1BD000EFCC2 /* LonaTestUITests.swift in Sources */ = {isa = PBXBuildFile; fileRef = 728ADBD323FAA1BD000EFCC2 /* LonaTestUITests.swift */; };
/* End PBXBuildFile section */

/* Begin PBXContainerItemProxy section */
		728ADBC523FAA1BD000EFCC2 /* PBXContainerItemProxy */ = {
			isa = PBXContainerItemProxy;
			containerPortal = 728ADBA623FAA1B3000EFCC2 /* Project object */;
			proxyType = 1;
			remoteGlobalIDString = 728ADBAD23FAA1B3000EFCC2;
			remoteInfo = LonaTest;
		};
		728ADBD023FAA1BD000EFCC2 /* PBXContainerItemProxy */ = {
			isa = PBXContainerItemProxy;
			containerPortal = 728ADBA623FAA1B3000EFCC2 /* Project object */;
			proxyType = 1;
			remoteGlobalIDString = 728ADBAD23FAA1B3000EFCC2;
			remoteInfo = LonaTest;
		};
/* End PBXContainerItemProxy section */

/* Begin PBXFileReference section */
		728ADBAE23FAA1B3000EFCC2 /* LonaTest.app */ = {isa = PBXFileReference; explicitFileType = wrapper.application; includeInIndex = 0; path = LonaTest.app; sourceTree = BUILT_PRODUCTS_DIR; };
		728ADBB123FAA1B3000EFCC2 /* AppDelegate.swift */ = {isa = PBXFileReference; lastKnownFileType = sourcecode.swift; path = AppDelegate.swift; sourceTree = "<group>"; };
		728ADBB323FAA1B3000EFCC2 /* SceneDelegate.swift */ = {isa = PBXFileReference; lastKnownFileType = sourcecode.swift; path = SceneDelegate.swift; sourceTree = "<group>"; };
		728ADBB523FAA1B3000EFCC2 /* ViewController.swift */ = {isa = PBXFileReference; lastKnownFileType = sourcecode.swift; path = ViewController.swift; sourceTree = "<group>"; };
		728ADBB823FAA1B3000EFCC2 /* Base */ = {isa = PBXFileReference; lastKnownFileType = file.storyboard; name = Base; path = Base.lproj/Main.storyboard; sourceTree = "<group>"; };
		728ADBBA23FAA1BC000EFCC2 /* Assets.xcassets */ = {isa = PBXFileReference; lastKnownFileType = folder.assetcatalog; path = Assets.xcassets; sourceTree = "<group>"; };
		728ADBBD23FAA1BC000EFCC2 /* Base */ = {isa = PBXFileReference; lastKnownFileType = file.storyboard; name = Base; path = Base.lproj/LaunchScreen.storyboard; sourceTree = "<group>"; };
		728ADBBF23FAA1BC000EFCC2 /* Info.plist */ = {isa = PBXFileReference; lastKnownFileType = text.plist.xml; path = Info.plist; sourceTree = "<group>"; };
		728ADBC423FAA1BD000EFCC2 /* LonaTestTests.xctest */ = {isa = PBXFileReference; explicitFileType = wrapper.cfbundle; includeInIndex = 0; path = LonaTestTests.xctest; sourceTree = BUILT_PRODUCTS_DIR; };
		728ADBC823FAA1BD000EFCC2 /* LonaTestTests.swift */ = {isa = PBXFileReference; lastKnownFileType = sourcecode.swift; path = LonaTestTests.swift; sourceTree = "<group>"; };
		728ADBCA23FAA1BD000EFCC2 /* Info.plist */ = {isa = PBXFileReference; lastKnownFileType = text.plist.xml; path = Info.plist; sourceTree = "<group>"; };
		728ADBCF23FAA1BD000EFCC2 /* LonaTestUITests.xctest */ = {isa = PBXFileReference; explicitFileType = wrapper.cfbundle; includeInIndex = 0; path = LonaTestUITests.xctest; sourceTree = BUILT_PRODUCTS_DIR; };
		728ADBD323FAA1BD000EFCC2 /* LonaTestUITests.swift */ = {isa = PBXFileReference; lastKnownFileType = sourcecode.swift; path = LonaTestUITests.swift; sourceTree = "<group>"; };
		728ADBD523FAA1BD000EFCC2 /* Info.plist */ = {isa = PBXFileReference; lastKnownFileType = text.plist.xml; path = Info.plist; sourceTree = "<group>"; };
/* End PBXFileReference section */

/* Begin PBXFrameworksBuildPhase section */
		728ADBAB23FAA1B3000EFCC2 /* Frameworks */ = {
			isa = PBXFrameworksBuildPhase;
			buildActionMask = 2147483647;
			files = (
			);
			runOnlyForDeploymentPostprocessing = 0;
		};
		728ADBC123FAA1BD000EFCC2 /* Frameworks */ = {
			isa = PBXFrameworksBuildPhase;
			buildActionMask = 2147483647;
			files = (
			);
			runOnlyForDeploymentPostprocessing = 0;
		};
		728ADBCC23FAA1BD000EFCC2 /* Frameworks */ = {
			isa = PBXFrameworksBuildPhase;
			buildActionMask = 2147483647;
			files = (
			);
			runOnlyForDeploymentPostprocessing = 0;
		};
/* End PBXFrameworksBuildPhase section */

/* Begin PBXGroup section */
		728ADBA523FAA1B3000EFCC2 = {
			isa = PBXGroup;
			children = (
				728ADBB023FAA1B3000EFCC2 /* LonaTest */,
				728ADBC723FAA1BD000EFCC2 /* LonaTestTests */,
				728ADBD223FAA1BD000EFCC2 /* LonaTestUITests */,
				728ADBAF23FAA1B3000EFCC2 /* Products */,
			);
			sourceTree = "<group>";
		};
		728ADBAF23FAA1B3000EFCC2 /* Products */ = {
			isa = PBXGroup;
			children = (
				728ADBAE23FAA1B3000EFCC2 /* LonaTest.app */,
				728ADBC423FAA1BD000EFCC2 /* LonaTestTests.xctest */,
				728ADBCF23FAA1BD000EFCC2 /* LonaTestUITests.xctest */,
			);
			name = Products;
			sourceTree = "<group>";
		};
		728ADBB023FAA1B3000EFCC2 /* LonaTest */ = {
			isa = PBXGroup;
			children = (
				728ADBB123FAA1B3000EFCC2 /* AppDelegate.swift */,
				728ADBB323FAA1B3000EFCC2 /* SceneDelegate.swift */,
				728ADBB523FAA1B3000EFCC2 /* ViewController.swift */,
				728ADBB723FAA1B3000EFCC2 /* Main.storyboard */,
				728ADBBA23FAA1BC000EFCC2 /* Assets.xcassets */,
				728ADBBC23FAA1BC000EFCC2 /* LaunchScreen.storyboard */,
				728ADBBF23FAA1BC000EFCC2 /* Info.plist */,
			);
			path = LonaTest;
			sourceTree = "<group>";
		};
		728ADBC723FAA1BD000EFCC2 /* LonaTestTests */ = {
			isa = PBXGroup;
			children = (
				728ADBC823FAA1BD000EFCC2 /* LonaTestTests.swift */,
				728ADBCA23FAA1BD000EFCC2 /* Info.plist */,
			);
			path = LonaTestTests;
			sourceTree = "<group>";
		};
		728ADBD223FAA1BD000EFCC2 /* LonaTestUITests */ = {
			isa = PBXGroup;
			children = (
				728ADBD323FAA1BD000EFCC2 /* LonaTestUITests.swift */,
				728ADBD523FAA1BD000EFCC2 /* Info.plist */,
			);
			path = LonaTestUITests;
			sourceTree = "<group>";
		};
/* End PBXGroup section */

/* Begin PBXNativeTarget section */
		728ADBAD23FAA1B3000EFCC2 /* LonaTest */ = {
			isa = PBXNativeTarget;
			buildConfigurationList = 728ADBD823FAA1BD000EFCC2 /* Build configuration list for PBXNativeTarget "LonaTest" */;
			buildPhases = (
				728ADBAA23FAA1B3000EFCC2 /* Sources */,
				728ADBAB23FAA1B3000EFCC2 /* Frameworks */,
				728ADBAC23FAA1B3000EFCC2 /* Resources */,
			);
			buildRules = (
			);
			dependencies = (
			);
			name = LonaTest;
			productName = LonaTest;
			productReference = 728ADBAE23FAA1B3000EFCC2 /* LonaTest.app */;
			productType = "com.apple.product-type.application";
		};
		728ADBC323FAA1BD000EFCC2 /* LonaTestTests */ = {
			isa = PBXNativeTarget;
			buildConfigurationList = 728ADBDB23FAA1BD000EFCC2 /* Build configuration list for PBXNativeTarget "LonaTestTests" */;
			buildPhases = (
				728ADBC023FAA1BD000EFCC2 /* Sources */,
				728ADBC123FAA1BD000EFCC2 /* Frameworks */,
				728ADBC223FAA1BD000EFCC2 /* Resources */,
			);
			buildRules = (
			);
			dependencies = (
				728ADBC623FAA1BD000EFCC2 /* PBXTargetDependency */,
			);
			name = LonaTestTests;
			productName = LonaTestTests;
			productReference = 728ADBC423FAA1BD000EFCC2 /* LonaTestTests.xctest */;
			productType = "com.apple.product-type.bundle.unit-test";
		};
		728ADBCE23FAA1BD000EFCC2 /* LonaTestUITests */ = {
			isa = PBXNativeTarget;
			buildConfigurationList = 728ADBDE23FAA1BD000EFCC2 /* Build configuration list for PBXNativeTarget "LonaTestUITests" */;
			buildPhases = (
				728ADBCB23FAA1BD000EFCC2 /* Sources */,
				728ADBCC23FAA1BD000EFCC2 /* Frameworks */,
				728ADBCD23FAA1BD000EFCC2 /* Resources */,
			);
			buildRules = (
			);
			dependencies = (
				728ADBD123FAA1BD000EFCC2 /* PBXTargetDependency */,
			);
			name = LonaTestUITests;
			productName = LonaTestUITests;
			productReference = 728ADBCF23FAA1BD000EFCC2 /* LonaTestUITests.xctest */;
			productType = "com.apple.product-type.bundle.ui-testing";
		};
/* End PBXNativeTarget section */

/* Begin PBXProject section */
		728ADBA623FAA1B3000EFCC2 /* Project object */ = {
			isa = PBXProject;
			attributes = {
				LastSwiftUpdateCheck = 1130;
				LastUpgradeCheck = 1130;
				ORGANIZATIONNAME = chigichan24;
				TargetAttributes = {
					728ADBAD23FAA1B3000EFCC2 = {
						CreatedOnToolsVersion = 11.3;
					};
					728ADBC323FAA1BD000EFCC2 = {
						CreatedOnToolsVersion = 11.3;
						TestTargetID = 728ADBAD23FAA1B3000EFCC2;
					};
					728ADBCE23FAA1BD000EFCC2 = {
						CreatedOnToolsVersion = 11.3;
						TestTargetID = 728ADBAD23FAA1B3000EFCC2;
					};
				};
			};
			buildConfigurationList = 728ADBA923FAA1B3000EFCC2 /* Build configuration list for PBXProject "LonaTest" */;
			compatibilityVersion = "Xcode 9.3";
			developmentRegion = en;
			hasScannedForEncodings = 0;
			knownRegions = (
				en,
				Base,
			);
			mainGroup = 728ADBA523FAA1B3000EFCC2;
			productRefGroup = 728ADBAF23FAA1B3000EFCC2 /* Products */;
			projectDirPath = "";
			projectRoot = "";
			targets = (
				728ADBAD23FAA1B3000EFCC2 /* LonaTest */,
				728ADBC323FAA1BD000EFCC2 /* LonaTestTests */,
				728ADBCE23FAA1BD000EFCC2 /* LonaTestUITests */,
			);
		};
/* End PBXProject section */

/* Begin PBXResourcesBuildPhase section */
		728ADBAC23FAA1B3000EFCC2 /* Resources */ = {
			isa = PBXResourcesBuildPhase;
			buildActionMask = 2147483647;
			files = (
				728ADBBE23FAA1BC000EFCC2 /* LaunchScreen.storyboard in Resources */,
				728ADBBB23FAA1BC000EFCC2 /* Assets.xcassets in Resources */,
				728ADBB923FAA1B3000EFCC2 /* Main.storyboard in Resources */,
			);
			runOnlyForDeploymentPostprocessing = 0;
		};
		728ADBC223FAA1BD000EFCC2 /* Resources */ = {
			isa = PBXResourcesBuildPhase;
			buildActionMask = 2147483647;
			files = (
			);
			runOnlyForDeploymentPostprocessing = 0;
		};
		728ADBCD23FAA1BD000EFCC2 /* Resources */ = {
			isa = PBXResourcesBuildPhase;
			buildActionMask = 2147483647;
			files = (
			);
			runOnlyForDeploymentPostprocessing = 0;
		};
/* End PBXResourcesBuildPhase section */

/* Begin PBXSourcesBuildPhase section */
		728ADBAA23FAA1B3000EFCC2 /* Sources */ = {
			isa = PBXSourcesBuildPhase;
			buildActionMask = 2147483647;
			files = (
				728ADBB623FAA1B3000EFCC2 /* ViewController.swift in Sources */,
				728ADBB223FAA1B3000EFCC2 /* AppDelegate.swift in Sources */,
				728ADBB423FAA1B3000EFCC2 /* SceneDelegate.swift in Sources */,
			);
			runOnlyForDeploymentPostprocessing = 0;
		};
		728ADBC023FAA1BD000EFCC2 /* Sources */ = {
			isa = PBXSourcesBuildPhase;
			buildActionMask = 2147483647;
			files = (
				728ADBC923FAA1BD000EFCC2 /* LonaTestTests.swift in Sources */,
			);
			runOnlyForDeploymentPostprocessing = 0;
		};
		728ADBCB23FAA1BD000EFCC2 /* Sources */ = {
			isa = PBXSourcesBuildPhase;
			buildActionMask = 2147483647;
			files = (
				728ADBD423FAA1BD000EFCC2 /* LonaTestUITests.swift in Sources */,
			);
			runOnlyForDeploymentPostprocessing = 0;
		};
/* End PBXSourcesBuildPhase section */

/* Begin PBXTargetDependency section */
		728ADBC623FAA1BD000EFCC2 /* PBXTargetDependency */ = {
			isa = PBXTargetDependency;
			target = 728ADBAD23FAA1B3000EFCC2 /* LonaTest */;
			targetProxy = 728ADBC523FAA1BD000EFCC2 /* PBXContainerItemProxy */;
		};
		728ADBD123FAA1BD000EFCC2 /* PBXTargetDependency */ = {
			isa = PBXTargetDependency;
			target = 728ADBAD23FAA1B3000EFCC2 /* LonaTest */;
			targetProxy = 728ADBD023FAA1BD000EFCC2 /* PBXContainerItemProxy */;
		};
/* End PBXTargetDependency section */

/* Begin PBXVariantGroup section */
		728ADBB723FAA1B3000EFCC2 /* Main.storyboard */ = {
			isa = PBXVariantGroup;
			children = (
				728ADBB823FAA1B3000EFCC2 /* Base */,
			);
			name = Main.storyboard;
			sourceTree = "<group>";
		};
		728ADBBC23FAA1BC000EFCC2 /* LaunchScreen.storyboard */ = {
			isa = PBXVariantGroup;
			children = (
				728ADBBD23FAA1BC000EFCC2 /* Base */,
			);
			name = LaunchScreen.storyboard;
			sourceTree = "<group>";
		};
/* End PBXVariantGroup section */

/* Begin XCBuildConfiguration section */
		728ADBD623FAA1BD000EFCC2 /* Debug */ = {
			isa = XCBuildConfiguration;
			buildSettings = {
				ALWAYS_SEARCH_USER_PATHS = NO;
				CLANG_ANALYZER_NONNULL = YES;
				CLANG_ANALYZER_NUMBER_OBJECT_CONVERSION = YES_AGGRESSIVE;
				CLANG_CXX_LANGUAGE_STANDARD = "gnu++14";
				CLANG_CXX_LIBRARY = "libc++";
				CLANG_ENABLE_MODULES = YES;
				CLANG_ENABLE_OBJC_ARC = YES;
				CLANG_ENABLE_OBJC_WEAK = YES;
				CLANG_WARN_BLOCK_CAPTURE_AUTORELEASING = YES;
				CLANG_WARN_BOOL_CONVERSION = YES;
				CLANG_WARN_COMMA = YES;
				CLANG_WARN_CONSTANT_CONVERSION = YES;
				CLANG_WARN_DEPRECATED_OBJC_IMPLEMENTATIONS = YES;
				CLANG_WARN_DIRECT_OBJC_ISA_USAGE = YES_ERROR;
				CLANG_WARN_DOCUMENTATION_COMMENTS = YES;
				CLANG_WARN_EMPTY_BODY = YES;
				CLANG_WARN_ENUM_CONVERSION = YES;
				CLANG_WARN_INFINITE_RECURSION = YES;
				CLANG_WARN_INT_CONVERSION = YES;
				CLANG_WARN_NON_LITERAL_NULL_CONVERSION = YES;
				CLANG_WARN_OBJC_IMPLICIT_RETAIN_SELF = YES;
				CLANG_WARN_OBJC_LITERAL_CONVERSION = YES;
				CLANG_WARN_OBJC_ROOT_CLASS = YES_ERROR;
				CLANG_WARN_RANGE_LOOP_ANALYSIS = YES;
				CLANG_WARN_STRICT_PROTOTYPES = YES;
				CLANG_WARN_SUSPICIOUS_MOVE = YES;
				CLANG_WARN_UNGUARDED_AVAILABILITY = YES_AGGRESSIVE;
				CLANG_WARN_UNREACHABLE_CODE = YES;
				CLANG_WARN__DUPLICATE_METHOD_MATCH = YES;
				COPY_PHASE_STRIP = NO;
				DEBUG_INFORMATION_FORMAT = dwarf;
				ENABLE_STRICT_OBJC_MSGSEND = YES;
				ENABLE_TESTABILITY = YES;
				GCC_C_LANGUAGE_STANDARD = gnu11;
				GCC_DYNAMIC_NO_PIC = NO;
				GCC_NO_COMMON_BLOCKS = YES;
				GCC_OPTIMIZATION_LEVEL = 0;
				GCC_PREPROCESSOR_DEFINITIONS = (
					"DEBUG=1",
					"$(inherited)",
				);
				GCC_WARN_64_TO_32_BIT_CONVERSION = YES;
				GCC_WARN_ABOUT_RETURN_TYPE = YES_ERROR;
				GCC_WARN_UNDECLARED_SELECTOR = YES;
				GCC_WARN_UNINITIALIZED_AUTOS = YES_AGGRESSIVE;
				GCC_WARN_UNUSED_FUNCTION = YES;
				GCC_WARN_UNUSED_VARIABLE = YES;
				IPHONEOS_DEPLOYMENT_TARGET = 13.2;
				MTL_ENABLE_DEBUG_INFO = INCLUDE_SOURCE;
				MTL_FAST_MATH = YES;
				ONLY_ACTIVE_ARCH = YES;
				SDKROOT = iphoneos;
				SWIFT_ACTIVE_COMPILATION_CONDITIONS = DEBUG;
				SWIFT_OPTIMIZATION_LEVEL = "-Onone";
			};
			name = Debug;
		};
		728ADBD723FAA1BD000EFCC2 /* Release */ = {
			isa = XCBuildConfiguration;
			buildSettings = {
				ALWAYS_SEARCH_USER_PATHS = NO;
				CLANG_ANALYZER_NONNULL = YES;
				CLANG_ANALYZER_NUMBER_OBJECT_CONVERSION = YES_AGGRESSIVE;
				CLANG_CXX_LANGUAGE_STANDARD = "gnu++14";
				CLANG_CXX_LIBRARY = "libc++";
				CLANG_ENABLE_MODULES = YES;
				CLANG_ENABLE_OBJC_ARC = YES;
				CLANG_ENABLE_OBJC_WEAK = YES;
				CLANG_WARN_BLOCK_CAPTURE_AUTORELEASING = YES;
				CLANG_WARN_BOOL_CONVERSION = YES;
				CLANG_WARN_COMMA = YES;
				CLANG_WARN_CONSTANT_CONVERSION = YES;
				CLANG_WARN_DEPRECATED_OBJC_IMPLEMENTATIONS = YES;
				CLANG_WARN_DIRECT_OBJC_ISA_USAGE = YES_ERROR;
				CLANG_WARN_DOCUMENTATION_COMMENTS = YES;
				CLANG_WARN_EMPTY_BODY = YES;
				CLANG_WARN_ENUM_CONVERSION = YES;
				CLANG_WARN_INFINITE_RECURSION = YES;
				CLANG_WARN_INT_CONVERSION = YES;
				CLANG_WARN_NON_LITERAL_NULL_CONVERSION = YES;
				CLANG_WARN_OBJC_IMPLICIT_RETAIN_SELF = YES;
				CLANG_WARN_OBJC_LITERAL_CONVERSION = YES;
				CLANG_WARN_OBJC_ROOT_CLASS = YES_ERROR;
				CLANG_WARN_RANGE_LOOP_ANALYSIS = YES;
				CLANG_WARN_STRICT_PROTOTYPES = YES;
				CLANG_WARN_SUSPICIOUS_MOVE = YES;
				CLANG_WARN_UNGUARDED_AVAILABILITY = YES_AGGRESSIVE;
				CLANG_WARN_UNREACHABLE_CODE = YES;
				CLANG_WARN__DUPLICATE_METHOD_MATCH = YES;
				COPY_PHASE_STRIP = NO;
				DEBUG_INFORMATION_FORMAT = "dwarf-with-dsym";
				ENABLE_NS_ASSERTIONS = NO;
				ENABLE_STRICT_OBJC_MSGSEND = YES;
				GCC_C_LANGUAGE_STANDARD = gnu11;
				GCC_NO_COMMON_BLOCKS = YES;
				GCC_WARN_64_TO_32_BIT_CONVERSION = YES;
				GCC_WARN_ABOUT_RETURN_TYPE = YES_ERROR;
				GCC_WARN_UNDECLARED_SELECTOR = YES;
				GCC_WARN_UNINITIALIZED_AUTOS = YES_AGGRESSIVE;
				GCC_WARN_UNUSED_FUNCTION = YES;
				GCC_WARN_UNUSED_VARIABLE = YES;
				IPHONEOS_DEPLOYMENT_TARGET = 13.2;
				MTL_ENABLE_DEBUG_INFO = NO;
				MTL_FAST_MATH = YES;
				SDKROOT = iphoneos;
				SWIFT_COMPILATION_MODE = wholemodule;
				SWIFT_OPTIMIZATION_LEVEL = "-O";
				VALIDATE_PRODUCT = YES;
			};
			name = Release;
		};
		728ADBD923FAA1BD000EFCC2 /* Debug */ = {
			isa = XCBuildConfiguration;
			buildSettings = {
				ASSETCATALOG_COMPILER_APPICON_NAME = AppIcon;
				CODE_SIGN_STYLE = Automatic;
				DEVELOPMENT_TEAM = 94E258N7J4;
				INFOPLIST_FILE = LonaTest/Info.plist;
				LD_RUNPATH_SEARCH_PATHS = (
					"$(inherited)",
					"@executable_path/Frameworks",
				);
				PRODUCT_BUNDLE_IDENTIFIER = net.chigita.LonaTest;
				PRODUCT_NAME = "$(TARGET_NAME)";
				SWIFT_VERSION = 5.0;
				TARGETED_DEVICE_FAMILY = "1,2";
			};
			name = Debug;
		};
		728ADBDA23FAA1BD000EFCC2 /* Release */ = {
			isa = XCBuildConfiguration;
			buildSettings = {
				ASSETCATALOG_COMPILER_APPICON_NAME = AppIcon;
				CODE_SIGN_STYLE = Automatic;
				DEVELOPMENT_TEAM = 94E258N7J4;
				INFOPLIST_FILE = LonaTest/Info.plist;
				LD_RUNPATH_SEARCH_PATHS = (
					"$(inherited)",
					"@executable_path/Frameworks",
				);
				PRODUCT_BUNDLE_IDENTIFIER = net.chigita.LonaTest;
				PRODUCT_NAME = "$(TARGET_NAME)";
				SWIFT_VERSION = 5.0;
				TARGETED_DEVICE_FAMILY = "1,2";
			};
			name = Release;
		};
		728ADBDC23FAA1BD000EFCC2 /* Debug */ = {
			isa = XCBuildConfiguration;
			buildSettings = {
				ALWAYS_EMBED_SWIFT_STANDARD_LIBRARIES = YES;
				BUNDLE_LOADER = "$(TEST_HOST)";
				CODE_SIGN_STYLE = Automatic;
				DEVELOPMENT_TEAM = 94E258N7J4;
				INFOPLIST_FILE = LonaTestTests/Info.plist;
				IPHONEOS_DEPLOYMENT_TARGET = 13.2;
				LD_RUNPATH_SEARCH_PATHS = (
					"$(inherited)",
					"@executable_path/Frameworks",
					"@loader_path/Frameworks",
				);
				PRODUCT_BUNDLE_IDENTIFIER = net.chigita.LonaTestTests;
				PRODUCT_NAME = "$(TARGET_NAME)";
				SWIFT_VERSION = 5.0;
				TARGETED_DEVICE_FAMILY = "1,2";
				TEST_HOST = "$(BUILT_PRODUCTS_DIR)/LonaTest.app/LonaTest";
			};
			name = Debug;
		};
		728ADBDD23FAA1BD000EFCC2 /* Release */ = {
			isa = XCBuildConfiguration;
			buildSettings = {
				ALWAYS_EMBED_SWIFT_STANDARD_LIBRARIES = YES;
				BUNDLE_LOADER = "$(TEST_HOST)";
				CODE_SIGN_STYLE = Automatic;
				DEVELOPMENT_TEAM = 94E258N7J4;
				INFOPLIST_FILE = LonaTestTests/Info.plist;
				IPHONEOS_DEPLOYMENT_TARGET = 13.2;
				LD_RUNPATH_SEARCH_PATHS = (
					"$(inherited)",
					"@executable_path/Frameworks",
					"@loader_path/Frameworks",
				);
				PRODUCT_BUNDLE_IDENTIFIER = net.chigita.LonaTestTests;
				PRODUCT_NAME = "$(TARGET_NAME)";
				SWIFT_VERSION = 5.0;
				TARGETED_DEVICE_FAMILY = "1,2";
				TEST_HOST = "$(BUILT_PRODUCTS_DIR)/LonaTest.app/LonaTest";
			};
			name = Release;
		};
		728ADBDF23FAA1BD000EFCC2 /* Debug */ = {
			isa = XCBuildConfiguration;
			buildSettings = {
				ALWAYS_EMBED_SWIFT_STANDARD_LIBRARIES = YES;
				CODE_SIGN_STYLE = Automatic;
				DEVELOPMENT_TEAM = 94E258N7J4;
				INFOPLIST_FILE = LonaTestUITests/Info.plist;
				LD_RUNPATH_SEARCH_PATHS = (
					"$(inherited)",
					"@executable_path/Frameworks",
					"@loader_path/Frameworks",
				);
				PRODUCT_BUNDLE_IDENTIFIER = net.chigita.LonaTestUITests;
				PRODUCT_NAME = "$(TARGET_NAME)";
				SWIFT_VERSION = 5.0;
				TARGETED_DEVICE_FAMILY = "1,2";
				TEST_TARGET_NAME = LonaTest;
			};
			name = Debug;
		};
		728ADBE023FAA1BD000EFCC2 /* Release */ = {
			isa = XCBuildConfiguration;
			buildSettings = {
				ALWAYS_EMBED_SWIFT_STANDARD_LIBRARIES = YES;
				CODE_SIGN_STYLE = Automatic;
				DEVELOPMENT_TEAM = 94E258N7J4;
				INFOPLIST_FILE = LonaTestUITests/Info.plist;
				LD_RUNPATH_SEARCH_PATHS = (
					"$(inherited)",
					"@executable_path/Frameworks",
					"@loader_path/Frameworks",
				);
				PRODUCT_BUNDLE_IDENTIFIER = net.chigita.LonaTestUITests;
				PRODUCT_NAME = "$(TARGET_NAME)";
				SWIFT_VERSION = 5.0;
				TARGETED_DEVICE_FAMILY = "1,2";
				TEST_TARGET_NAME = LonaTest;
			};
			name = Release;
		};
/* End XCBuildConfiguration section */

/* Begin XCConfigurationList section */
		728ADBA923FAA1B3000EFCC2 /* Build configuration list for PBXProject "LonaTest" */ = {
			isa = XCConfigurationList;
			buildConfigurations = (
				728ADBD623FAA1BD000EFCC2 /* Debug */,
				728ADBD723FAA1BD000EFCC2 /* Release */,
			);
			defaultConfigurationIsVisible = 0;
			defaultConfigurationName = Release;
		};
		728ADBD823FAA1BD000EFCC2 /* Build configuration list for PBXNativeTarget "LonaTest" */ = {
			isa = XCConfigurationList;
			buildConfigurations = (
				728ADBD923FAA1BD000EFCC2 /* Debug */,
				728ADBDA23FAA1BD000EFCC2 /* Release */,
			);
			defaultConfigurationIsVisible = 0;
			defaultConfigurationName = Release;
		};
		728ADBDB23FAA1BD000EFCC2 /* Build configuration list for PBXNativeTarget "LonaTestTests" */ = {
			isa = XCConfigurationList;
			buildConfigurations = (
				728ADBDC23FAA1BD000EFCC2 /* Debug */,
				728ADBDD23FAA1BD000EFCC2 /* Release */,
			);
			defaultConfigurationIsVisible = 0;
			defaultConfigurationName = Release;
		};
		728ADBDE23FAA1BD000EFCC2 /* Build configuration list for PBXNativeTarget "LonaTestUITests" */ = {
			isa = XCConfigurationList;
			buildConfigurations = (
				728ADBDF23FAA1BD000EFCC2 /* Debug */,
				728ADBE023FAA1BD000EFCC2 /* Release */,
			);
			defaultConfigurationIsVisible = 0;
			defaultConfigurationName = Release;
		};
/* End XCConfigurationList section */
	};
	rootObject = 728ADBA623FAA1B3000EFCC2 /* Project object */;
}
